// !$*UTF8*$!
{
	archiveVersion = 1;
	classes = {
	};
	objectVersion = 50;
	objects = {

/* Begin PBXBuildFile section */
		9BFE5DAE2411E37300C297BA /* AppDelegate.swift in Sources */ = {isa = PBXBuildFile; fileRef = 9BFE5DAD2411E37300C297BA /* AppDelegate.swift */; };
		9BFE5DB02411E37300C297BA /* SceneDelegate.swift in Sources */ = {isa = PBXBuildFile; fileRef = 9BFE5DAF2411E37300C297BA /* SceneDelegate.swift */; };
		9BFE5DB22411E37300C297BA /* ViewController.swift in Sources */ = {isa = PBXBuildFile; fileRef = 9BFE5DB12411E37300C297BA /* ViewController.swift */; };
		9BFE5DB52411E37300C297BA /* Main.storyboard in Resources */ = {isa = PBXBuildFile; fileRef = 9BFE5DB32411E37300C297BA /* Main.storyboard */; };
		9BFE5DB72411E37500C297BA /* Assets.xcassets in Resources */ = {isa = PBXBuildFile; fileRef = 9BFE5DB62411E37500C297BA /* Assets.xcassets */; };
		9BFE5DBA2411E37500C297BA /* LaunchScreen.storyboard in Resources */ = {isa = PBXBuildFile; fileRef = 9BFE5DB82411E37500C297BA /* LaunchScreen.storyboard */; };
		9BFE5DE424145CD800C297BA /* CustomerListViewController.swift in Sources */ = {isa = PBXBuildFile; fileRef = 9BFE5DE324145CD800C297BA /* CustomerListViewController.swift */; };
		9BFE5DE624145CFE00C297BA /* Customer.swift in Sources */ = {isa = PBXBuildFile; fileRef = 9BFE5DE524145CFE00C297BA /* Customer.swift */; };
		9BFE5DE824145D4300C297BA /* Singleton.swift in Sources */ = {isa = PBXBuildFile; fileRef = 9BFE5DE724145D4300C297BA /* Singleton.swift */; };
		9BFE5DEA24145D7300C297BA /* Extension+String.swift in Sources */ = {isa = PBXBuildFile; fileRef = 9BFE5DE924145D7300C297BA /* Extension+String.swift */; };
		9BFE5DEC24145D9E00C297BA /* AddNewCustomerViewController.swift in Sources */ = {isa = PBXBuildFile; fileRef = 9BFE5DEB24145D9E00C297BA /* AddNewCustomerViewController.swift */; };
		9BFE5DEE24145E0B00C297BA /* AgeCalculation.swift in Sources */ = {isa = PBXBuildFile; fileRef = 9BFE5DED24145E0B00C297BA /* AgeCalculation.swift */; };
		9BFE5DF024145F1700C297BA /* Customerplist.plist in Resources */ = {isa = PBXBuildFile; fileRef = 9BFE5DEF24145F1700C297BA /* Customerplist.plist */; };
		9BFE5DF2241462A300C297BA /* ShowBillDetailsViewController.swift in Sources */ = {isa = PBXBuildFile; fileRef = 9BFE5DF1241462A300C297BA /* ShowBillDetailsViewController.swift */; };
/* End PBXBuildFile section */

/* Begin PBXFileReference section */
		9BFE5DAA2411E37300C297BA /* C0778925_MidTerm_MAD3115W2020.app */ = {isa = PBXFileReference; explicitFileType = wrapper.application; includeInIndex = 0; path = C0778925_MidTerm_MAD3115W2020.app; sourceTree = BUILT_PRODUCTS_DIR; };
		9BFE5DAD2411E37300C297BA /* AppDelegate.swift */ = {isa = PBXFileReference; lastKnownFileType = sourcecode.swift; path = AppDelegate.swift; sourceTree = "<group>"; };
		9BFE5DAF2411E37300C297BA /* SceneDelegate.swift */ = {isa = PBXFileReference; lastKnownFileType = sourcecode.swift; path = SceneDelegate.swift; sourceTree = "<group>"; };
		9BFE5DB12411E37300C297BA /* ViewController.swift */ = {isa = PBXFileReference; lastKnownFileType = sourcecode.swift; path = ViewController.swift; sourceTree = "<group>"; };
		9BFE5DB42411E37300C297BA /* Base */ = {isa = PBXFileReference; lastKnownFileType = file.storyboard; name = Base; path = Base.lproj/Main.storyboard; sourceTree = "<group>"; };
		9BFE5DB62411E37500C297BA /* Assets.xcassets */ = {isa = PBXFileReference; lastKnownFileType = folder.assetcatalog; path = Assets.xcassets; sourceTree = "<group>"; };
		9BFE5DB92411E37500C297BA /* Base */ = {isa = PBXFileReference; lastKnownFileType = file.storyboard; name = Base; path = Base.lproj/LaunchScreen.storyboard; sourceTree = "<group>"; };
		9BFE5DBB2411E37500C297BA /* Info.plist */ = {isa = PBXFileReference; lastKnownFileType = text.plist.xml; path = Info.plist; sourceTree = "<group>"; };
		9BFE5DE324145CD800C297BA /* CustomerListViewController.swift */ = {isa = PBXFileReference; lastKnownFileType = sourcecode.swift; path = CustomerListViewController.swift; sourceTree = "<group>"; };
		9BFE5DE524145CFE00C297BA /* Customer.swift */ = {isa = PBXFileReference; lastKnownFileType = sourcecode.swift; path = Customer.swift; sourceTree = "<group>"; };
		9BFE5DE724145D4300C297BA /* Singleton.swift */ = {isa = PBXFileReference; lastKnownFileType = sourcecode.swift; path = Singleton.swift; sourceTree = "<group>"; };
		9BFE5DE924145D7300C297BA /* Extension+String.swift */ = {isa = PBXFileReference; lastKnownFileType = sourcecode.swift; path = "Extension+String.swift"; sourceTree = "<group>"; };
		9BFE5DEB24145D9E00C297BA /* AddNewCustomerViewController.swift */ = {isa = PBXFileReference; lastKnownFileType = sourcecode.swift; path = AddNewCustomerViewController.swift; sourceTree = "<group>"; };
		9BFE5DED24145E0B00C297BA /* AgeCalculation.swift */ = {isa = PBXFileReference; lastKnownFileType = sourcecode.swift; path = AgeCalculation.swift; sourceTree = "<group>"; };
		9BFE5DEF24145F1700C297BA /* Customerplist.plist */ = {isa = PBXFileReference; lastKnownFileType = text.plist.xml; path = Customerplist.plist; sourceTree = "<group>"; };
		9BFE5DF1241462A300C297BA /* ShowBillDetailsViewController.swift */ = {isa = PBXFileReference; lastKnownFileType = sourcecode.swift; path = ShowBillDetailsViewController.swift; sourceTree = "<group>"; };
/* End PBXFileReference section */

/* Begin PBXFrameworksBuildPhase section */
		9BFE5DA72411E37300C297BA /* Frameworks */ = {
			isa = PBXFrameworksBuildPhase;
			buildActionMask = 2147483647;
			files = (
			);
			runOnlyForDeploymentPostprocessing = 0;
		};
/* End PBXFrameworksBuildPhase section */

/* Begin PBXGroup section */
		9BFE5DA12411E37300C297BA = {
			isa = PBXGroup;
			children = (
				9BFE5DAC2411E37300C297BA /* C0778925_MidTerm_MAD3115W2020 */,
				9BFE5DAB2411E37300C297BA /* Products */,
			);
			sourceTree = "<group>";
		};
		9BFE5DAB2411E37300C297BA /* Products */ = {
			isa = PBXGroup;
			children = (
				9BFE5DAA2411E37300C297BA /* C0778925_MidTerm_MAD3115W2020.app */,
			);
			name = Products;
			sourceTree = "<group>";
		};
		9BFE5DAC2411E37300C297BA /* C0778925_MidTerm_MAD3115W2020 */ = {
			isa = PBXGroup;
			children = (
				9BFE5DAD2411E37300C297BA /* AppDelegate.swift */,
				9BFE5DAF2411E37300C297BA /* SceneDelegate.swift */,
				9BFE5DB12411E37300C297BA /* ViewController.swift */,
				9BFE5DB32411E37300C297BA /* Main.storyboard */,
				9BFE5DB62411E37500C297BA /* Assets.xcassets */,
				9BFE5DB82411E37500C297BA /* LaunchScreen.storyboard */,
				9BFE5DBB2411E37500C297BA /* Info.plist */,
				9BFE5DE324145CD800C297BA /* CustomerListViewController.swift */,
				9BFE5DE524145CFE00C297BA /* Customer.swift */,
				9BFE5DE724145D4300C297BA /* Singleton.swift */,
				9BFE5DE924145D7300C297BA /* Extension+String.swift */,
				9BFE5DEB24145D9E00C297BA /* AddNewCustomerViewController.swift */,
				9BFE5DED24145E0B00C297BA /* AgeCalculation.swift */,
				9BFE5DEF24145F1700C297BA /* Customerplist.plist */,
				9BFE5DF1241462A300C297BA /* ShowBillDetailsViewController.swift */,
			);
			path = C0778925_MidTerm_MAD3115W2020;
			sourceTree = "<group>";
		};
/* End PBXGroup section */

/* Begin PBXNativeTarget section */
		9BFE5DA92411E37300C297BA /* C0778925_MidTerm_MAD3115W2020 */ = {
			isa = PBXNativeTarget;
			buildConfigurationList = 9BFE5DBE2411E37500C297BA /* Build configuration list for PBXNativeTarget "C0778925_MidTerm_MAD3115W2020" */;
			buildPhases = (
				9BFE5DA62411E37300C297BA /* Sources */,
				9BFE5DA72411E37300C297BA /* Frameworks */,
				9BFE5DA82411E37300C297BA /* Resources */,
			);
			buildRules = (
			);
			dependencies = (
			);
			name = C0778925_MidTerm_MAD3115W2020;
			productName = C0778925_MidTerm_MAD3115W2020;
			productReference = 9BFE5DAA2411E37300C297BA /* C0778925_MidTerm_MAD3115W2020.app */;
			productType = "com.apple.product-type.application";
		};
/* End PBXNativeTarget section */

/* Begin PBXProject section */
		9BFE5DA22411E37300C297BA /* Project object */ = {
			isa = PBXProject;
			attributes = {
				LastSwiftUpdateCheck = 1130;
				LastUpgradeCheck = 1130;
				ORGANIZATIONNAME = MacStudent;
				TargetAttributes = {
					9BFE5DA92411E37300C297BA = {
						CreatedOnToolsVersion = 11.3;
					};
				};
			};
			buildConfigurationList = 9BFE5DA52411E37300C297BA /* Build configuration list for PBXProject "C0778925_MidTerm_MAD3115W2020" */;
			compatibilityVersion = "Xcode 9.3";
			developmentRegion = en;
			hasScannedForEncodings = 0;
			knownRegions = (
				en,
				Base,
			);
			mainGroup = 9BFE5DA12411E37300C297BA;
			productRefGroup = 9BFE5DAB2411E37300C297BA /* Products */;
			projectDirPath = "";
			projectRoot = "";
			targets = (
				9BFE5DA92411E37300C297BA /* C0778925_MidTerm_MAD3115W2020 */,
			);
		};
/* End PBXProject section */

/* Begin PBXResourcesBuildPhase section */
		9BFE5DA82411E37300C297BA /* Resources */ = {
			isa = PBXResourcesBuildPhase;
			buildActionMask = 2147483647;
			files = (
				9BFE5DBA2411E37500C297BA /* LaunchScreen.storyboard in Resources */,
				9BFE5DB72411E37500C297BA /* Assets.xcassets in Resources */,
				9BFE5DB52411E37300C297BA /* Main.storyboard in Resources */,
				9BFE5DF024145F1700C297BA /* Customerplist.plist in Resources */,
			);
			runOnlyForDeploymentPostprocessing = 0;
		};
/* End PBXResourcesBuildPhase section */

/* Begin PBXSourcesBuildPhase section */
		9BFE5DA62411E37300C297BA /* Sources */ = {
			isa = PBXSourcesBuildPhase;
			buildActionMask = 2147483647;
			files = (
				9BFE5DE424145CD800C297BA /* CustomerListViewController.swift in Sources */,
				9BFE5DEA24145D7300C297BA /* Extension+String.swift in Sources */,
				9BFE5DE824145D4300C297BA /* Singleton.swift in Sources */,
				9BFE5DE624145CFE00C297BA /* Customer.swift in Sources */,
				9BFE5DB22411E37300C297BA /* ViewController.swift in Sources */,
				9BFE5DF2241462A300C297BA /* ShowBillDetailsViewController.swift in Sources */,
				9BFE5DEC24145D9E00C297BA /* AddNewCustomerViewController.swift in Sources */,
				9BFE5DEE24145E0B00C297BA /* AgeCalculation.swift in Sources */,
				9BFE5DAE2411E37300C297BA /* AppDelegate.swift in Sources */,
				9BFE5DB02411E37300C297BA /* SceneDelegate.swift in Sources */,
			);
			runOnlyForDeploymentPostprocessing = 0;
		};
/* End PBXSourcesBuildPhase section */

/* Begin PBXVariantGroup section */
		9BFE5DB32411E37300C297BA /* Main.storyboard */ = {
			isa = PBXVariantGroup;
			children = (
				9BFE5DB42411E37300C297BA /* Base */,
			);
			name = Main.storyboard;
			sourceTree = "<group>";
		};
		9BFE5DB82411E37500C297BA /* LaunchScreen.storyboard */ = {
			isa = PBXVariantGroup;
			children = (
				9BFE5DB92411E37500C297BA /* Base */,
			);
			name = LaunchScreen.storyboard;
			sourceTree = "<group>";
		};
/* End PBXVariantGroup section */

/* Begin XCBuildConfiguration section */
		9BFE5DBC2411E37500C297BA /* Debug */ = {
			isa = XCBuildConfiguration;
			buildSettings = {
				ALWAYS_SEARCH_USER_PATHS = NO;
				CLANG_ANALYZER_NONNULL = YES;
				CLANG_ANALYZER_NUMBER_OBJECT_CONVERSION = YES_AGGRESSIVE;
				CLANG_CXX_LANGUAGE_STANDARD = "gnu++14";
				CLANG_CXX_LIBRARY = "libc++";
				CLANG_ENABLE_MODULES = YES;
				CLANG_ENABLE_OBJC_ARC = YES;
				CLANG_ENABLE_OBJC_WEAK = YES;
				CLANG_WARN_BLOCK_CAPTURE_AUTORELEASING = YES;
				CLANG_WARN_BOOL_CONVERSION = YES;
				CLANG_WARN_COMMA = YES;
				CLANG_WARN_CONSTANT_CONVERSION = YES;
				CLANG_WARN_DEPRECATED_OBJC_IMPLEMENTATIONS = YES;
				CLANG_WARN_DIRECT_OBJC_ISA_USAGE = YES_ERROR;
				CLANG_WARN_DOCUMENTATION_COMMENTS = YES;
				CLANG_WARN_EMPTY_BODY = YES;
				CLANG_WARN_ENUM_CONVERSION = YES;
				CLANG_WARN_INFINITE_RECURSION = YES;
				CLANG_WARN_INT_CONVERSION = YES;
				CLANG_WARN_NON_LITERAL_NULL_CONVERSION = YES;
				CLANG_WARN_OBJC_IMPLICIT_RETAIN_SELF = YES;
				CLANG_WARN_OBJC_LITERAL_CONVERSION = YES;
				CLANG_WARN_OBJC_ROOT_CLASS = YES_ERROR;
				CLANG_WARN_RANGE_LOOP_ANALYSIS = YES;
				CLANG_WARN_STRICT_PROTOTYPES = YES;
				CLANG_WARN_SUSPICIOUS_MOVE = YES;
				CLANG_WARN_UNGUARDED_AVAILABILITY = YES_AGGRESSIVE;
				CLANG_WARN_UNREACHABLE_CODE = YES;
				CLANG_WARN__DUPLICATE_METHOD_MATCH = YES;
				COPY_PHASE_STRIP = NO;
				DEBUG_INFORMATION_FORMAT = dwarf;
				ENABLE_STRICT_OBJC_MSGSEND = YES;
				ENABLE_TESTABILITY = YES;
				GCC_C_LANGUAGE_STANDARD = gnu11;
				GCC_DYNAMIC_NO_PIC = NO;
				GCC_NO_COMMON_BLOCKS = YES;
				GCC_OPTIMIZATION_LEVEL = 0;
				GCC_PREPROCESSOR_DEFINITIONS = (
					"DEBUG=1",
					"$(inherited)",
				);
				GCC_WARN_64_TO_32_BIT_CONVERSION = YES;
				GCC_WARN_ABOUT_RETURN_TYPE = YES_ERROR;
				GCC_WARN_UNDECLARED_SELECTOR = YES;
				GCC_WARN_UNINITIALIZED_AUTOS = YES_AGGRESSIVE;
				GCC_WARN_UNUSED_FUNCTION = YES;
				GCC_WARN_UNUSED_VARIABLE = YES;
				IPHONEOS_DEPLOYMENT_TARGET = 13.2;
				MTL_ENABLE_DEBUG_INFO = INCLUDE_SOURCE;
				MTL_FAST_MATH = YES;
				ONLY_ACTIVE_ARCH = YES;
				SDKROOT = iphoneos;
				SWIFT_ACTIVE_COMPILATION_CONDITIONS = DEBUG;
				SWIFT_OPTIMIZATION_LEVEL = "-Onone";
			};
			name = Debug;
		};
		9BFE5DBD2411E37500C297BA /* Release */ = {
			isa = XCBuildConfiguration;
			buildSettings = {
				ALWAYS_SEARCH_USER_PATHS = NO;
				CLANG_ANALYZER_NONNULL = YES;
				CLANG_ANALYZER_NUMBER_OBJECT_CONVERSION = YES_AGGRESSIVE;
				CLANG_CXX_LANGUAGE_STANDARD = "gnu++14";
				CLANG_CXX_LIBRARY = "libc++";
				CLANG_ENABLE_MODULES = YES;
				CLANG_ENABLE_OBJC_ARC = YES;
				CLANG_ENABLE_OBJC_WEAK = YES;
				CLANG_WARN_BLOCK_CAPTURE_AUTORELEASING = YES;
				CLANG_WARN_BOOL_CONVERSION = YES;
				CLANG_WARN_COMMA = YES;
				CLANG_WARN_CONSTANT_CONVERSION = YES;
				CLANG_WARN_DEPRECATED_OBJC_IMPLEMENTATIONS = YES;
				CLANG_WARN_DIRECT_OBJC_ISA_USAGE = YES_ERROR;
				CLANG_WARN_DOCUMENTATION_COMMENTS = YES;
				CLANG_WARN_EMPTY_BODY = YES;
				CLANG_WARN_ENUM_CONVERSION = YES;
				CLANG_WARN_INFINITE_RECURSION = YES;
				CLANG_WARN_INT_CONVERSION = YES;
				CLANG_WARN_NON_LITERAL_NULL_CONVERSION = YES;
				CLANG_WARN_OBJC_IMPLICIT_RETAIN_SELF = YES;
				CLANG_WARN_OBJC_LITERAL_CONVERSION = YES;
				CLANG_WARN_OBJC_ROOT_CLASS = YES_ERROR;
				CLANG_WARN_RANGE_LOOP_ANALYSIS = YES;
				CLANG_WARN_STRICT_PROTOTYPES = YES;
				CLANG_WARN_SUSPICIOUS_MOVE = YES;
				CLANG_WARN_UNGUARDED_AVAILABILITY = YES_AGGRESSIVE;
				CLANG_WARN_UNREACHABLE_CODE = YES;
				CLANG_WARN__DUPLICATE_METHOD_MATCH = YES;
				COPY_PHASE_STRIP = NO;
				DEBUG_INFORMATION_FORMAT = "dwarf-with-dsym";
				ENABLE_NS_ASSERTIONS = NO;
				ENABLE_STRICT_OBJC_MSGSEND = YES;
				GCC_C_LANGUAGE_STANDARD = gnu11;
				GCC_NO_COMMON_BLOCKS = YES;
				GCC_WARN_64_TO_32_BIT_CONVERSION = YES;
				GCC_WARN_ABOUT_RETURN_TYPE = YES_ERROR;
				GCC_WARN_UNDECLARED_SELECTOR = YES;
				GCC_WARN_UNINITIALIZED_AUTOS = YES_AGGRESSIVE;
				GCC_WARN_UNUSED_FUNCTION = YES;
				GCC_WARN_UNUSED_VARIABLE = YES;
				IPHONEOS_DEPLOYMENT_TARGET = 13.2;
				MTL_ENABLE_DEBUG_INFO = NO;
				MTL_FAST_MATH = YES;
				SDKROOT = iphoneos;
				SWIFT_COMPILATION_MODE = wholemodule;
				SWIFT_OPTIMIZATION_LEVEL = "-O";
				VALIDATE_PRODUCT = YES;
			};
			name = Release;
		};
		9BFE5DBF2411E37500C297BA /* Debug */ = {
			isa = XCBuildConfiguration;
			buildSettings = {
				ASSETCATALOG_COMPILER_APPICON_NAME = AppIcon;
				CODE_SIGN_STYLE = Automatic;
				INFOPLIST_FILE = C0778925_MidTerm_MAD3115W2020/Info.plist;
				LD_RUNPATH_SEARCH_PATHS = (
					"$(inherited)",
					"@executable_path/Frameworks",
				);
				PRODUCT_BUNDLE_IDENTIFIER = "CestarCollege.C0778925-MidTerm-MAD3115W2020";
				PRODUCT_NAME = "$(TARGET_NAME)";
				SWIFT_VERSION = 5.0;
				TARGETED_DEVICE_FAMILY = "1,2";
			};
			name = Debug;
		};
		9BFE5DC02411E37500C297BA /* Release */ = {
			isa = XCBuildConfiguration;
			buildSettings = {
				ASSETCATALOG_COMPILER_APPICON_NAME = AppIcon;
				CODE_SIGN_STYLE = Automatic;
				INFOPLIST_FILE = C0778925_MidTerm_MAD3115W2020/Info.plist;
				LD_RUNPATH_SEARCH_PATHS = (
					"$(inherited)",
					"@executable_path/Frameworks",
				);
				PRODUCT_BUNDLE_IDENTIFIER = "CestarCollege.C0778925-MidTerm-MAD3115W2020";
				PRODUCT_NAME = "$(TARGET_NAME)";
				SWIFT_VERSION = 5.0;
				TARGETED_DEVICE_FAMILY = "1,2";
			};
			name = Release;
		};
/* End XCBuildConfiguration section */

/* Begin XCConfigurationList section */
		9BFE5DA52411E37300C297BA /* Build configuration list for PBXProject "C0778925_MidTerm_MAD3115W2020" */ = {
			isa = XCConfigurationList;
			buildConfigurations = (
				9BFE5DBC2411E37500C297BA /* Debug */,
				9BFE5DBD2411E37500C297BA /* Release */,
			);
			defaultConfigurationIsVisible = 0;
			defaultConfigurationName = Release;
		};
		9BFE5DBE2411E37500C297BA /* Build configuration list for PBXNativeTarget "C0778925_MidTerm_MAD3115W2020" */ = {
			isa = XCConfigurationList;
			buildConfigurations = (
				9BFE5DBF2411E37500C297BA /* Debug */,
				9BFE5DC02411E37500C297BA /* Release */,
			);
			defaultConfigurationIsVisible = 0;
			defaultConfigurationName = Release;
		};
/* End XCConfigurationList section */
	};
	rootObject = 9BFE5DA22411E37300C297BA /* Project object */;
}
